// !$*UTF8*$!
{
	archiveVersion = 1;
	classes = {
	};
	objectVersion = 55;
	objects = {

/* Begin PBXBuildFile section */
		D004B55B28FBFE2C00AAACE3 /* StreamingFileReader.swift in Sources */ = {isa = PBXBuildFile; fileRef = D004B55A28FBFE2C00AAACE3 /* StreamingFileReader.swift */; };
		D004B55D2901DBC800AAACE3 /* StreamingFileReader.swift in Sources */ = {isa = PBXBuildFile; fileRef = D004B55C2901DBC800AAACE3 /* StreamingFileReader.swift */; };
		D01984D528BE92DF00930C71 /* CSVIssuesMapperTests.swift in Sources */ = {isa = PBXBuildFile; fileRef = D01984D428BE92DF00930C71 /* CSVIssuesMapperTests.swift */; };
		D057CFBD29A63449003246B4 /* IssueViewModelMapper.swift in Sources */ = {isa = PBXBuildFile; fileRef = D057CFBC29A63449003246B4 /* IssueViewModelMapper.swift */; };
		D057CFBF29A634ED003246B4 /* IssuesViewModelMapperTests.swift in Sources */ = {isa = PBXBuildFile; fileRef = D057CFBE29A634ED003246B4 /* IssuesViewModelMapperTests.swift */; };
		D057CFC129A635E9003246B4 /* LoadResourcePresenterTests.swift in Sources */ = {isa = PBXBuildFile; fileRef = D057CFC029A635E9003246B4 /* LoadResourcePresenterTests.swift */; };
		D057CFC429A649BC003246B4 /* XCTestCase+MemoryLeakTracking.swift in Sources */ = {isa = PBXBuildFile; fileRef = D057CFC329A649BC003246B4 /* XCTestCase+MemoryLeakTracking.swift */; };
		D057CFC629A64F28003246B4 /* LoadResourcePresenter.swift in Sources */ = {isa = PBXBuildFile; fileRef = D057CFC529A64F28003246B4 /* LoadResourcePresenter.swift */; };
		D06275F5290AC9720014F27A /* URLSessionHTTPClient.swift in Sources */ = {isa = PBXBuildFile; fileRef = D06275F4290AC9720014F27A /* URLSessionHTTPClient.swift */; };
		D0A67F272905C52400CD7178 /* URLSessionHTTPClientTests.swift in Sources */ = {isa = PBXBuildFile; fileRef = D0A67F262905C52400CD7178 /* URLSessionHTTPClientTests.swift */; };
		D0AC698128BD30E00073363F /* Core.framework in Frameworks */ = {isa = PBXBuildFile; fileRef = D0AC697828BD30E00073363F /* Core.framework */; };
		D0AC699228BD31760073363F /* Issue.swift in Sources */ = {isa = PBXBuildFile; fileRef = D0AC699128BD31760073363F /* Issue.swift */; };
		D0AC699428BD31930073363F /* IssuesLoader.swift in Sources */ = {isa = PBXBuildFile; fileRef = D0AC699328BD31930073363F /* IssuesLoader.swift */; };
		D0AC69A028BD365E0073363F /* IssueViewModel.swift in Sources */ = {isa = PBXBuildFile; fileRef = D0AC699F28BD365E0073363F /* IssueViewModel.swift */; };
		D0AC69AB28BD57720073363F /* Issues.strings in Resources */ = {isa = PBXBuildFile; fileRef = D0AC69AD28BD57720073363F /* Issues.strings */; };
		D0AC69B028BD580C0073363F /* IssuesLocalizationTests.swift in Sources */ = {isa = PBXBuildFile; fileRef = D0AC69AF28BD580C0073363F /* IssuesLocalizationTests.swift */; };
		D0B9762328C1D45F00BF60C3 /* FileSystemIssueLoader.swift in Sources */ = {isa = PBXBuildFile; fileRef = D0B9762228C1D45F00BF60C3 /* FileSystemIssueLoader.swift */; };
		D0B9762528C1D49500BF60C3 /* FileSystemIssueLoaderTests.swift in Sources */ = {isa = PBXBuildFile; fileRef = D0B9762428C1D49500BF60C3 /* FileSystemIssueLoaderTests.swift */; };
		D0EF8DD229050E2A00661505 /* RemoteIssuesLoaderTests.swift in Sources */ = {isa = PBXBuildFile; fileRef = D0EF8DD129050E2A00661505 /* RemoteIssuesLoaderTests.swift */; };
		D0EF8DD92905AF5700661505 /* HTTPClient.swift in Sources */ = {isa = PBXBuildFile; fileRef = D0EF8DD82905AF5700661505 /* HTTPClient.swift */; };
		D0EF8DDB2905AF9300661505 /* RemoteIssuesLoader.swift in Sources */ = {isa = PBXBuildFile; fileRef = D0EF8DDA2905AF9300661505 /* RemoteIssuesLoader.swift */; };
		D0EF8DDD2905B05700661505 /* IssuesMapper.swift in Sources */ = {isa = PBXBuildFile; fileRef = D0EF8DDC2905B05700661505 /* IssuesMapper.swift */; };
		D0F0F99528C0B8D00030ED02 /* CSVIssuesMapper.swift in Sources */ = {isa = PBXBuildFile; fileRef = D0F0F99428C0B8D00030ED02 /* CSVIssuesMapper.swift */; };
/* End PBXBuildFile section */

/* Begin PBXContainerItemProxy section */
		D0AC698228BD30E00073363F /* PBXContainerItemProxy */ = {
			isa = PBXContainerItemProxy;
			containerPortal = D0AC696F28BD30E00073363F /* Project object */;
			proxyType = 1;
			remoteGlobalIDString = D0AC697728BD30E00073363F;
			remoteInfo = Core;
		};
/* End PBXContainerItemProxy section */

/* Begin PBXFileReference section */
		D004B55A28FBFE2C00AAACE3 /* StreamingFileReader.swift */ = {isa = PBXFileReference; lastKnownFileType = sourcecode.swift; path = StreamingFileReader.swift; sourceTree = "<group>"; };
		D004B55C2901DBC800AAACE3 /* StreamingFileReader.swift */ = {isa = PBXFileReference; lastKnownFileType = sourcecode.swift; path = StreamingFileReader.swift; sourceTree = "<group>"; };
		D01984D428BE92DF00930C71 /* CSVIssuesMapperTests.swift */ = {isa = PBXFileReference; lastKnownFileType = sourcecode.swift; path = CSVIssuesMapperTests.swift; sourceTree = "<group>"; };
		D057CFBC29A63449003246B4 /* IssueViewModelMapper.swift */ = {isa = PBXFileReference; lastKnownFileType = sourcecode.swift; path = IssueViewModelMapper.swift; sourceTree = "<group>"; };
		D057CFBE29A634ED003246B4 /* IssuesViewModelMapperTests.swift */ = {isa = PBXFileReference; lastKnownFileType = sourcecode.swift; path = IssuesViewModelMapperTests.swift; sourceTree = "<group>"; };
		D057CFC029A635E9003246B4 /* LoadResourcePresenterTests.swift */ = {isa = PBXFileReference; lastKnownFileType = sourcecode.swift; path = LoadResourcePresenterTests.swift; sourceTree = "<group>"; };
		D057CFC329A649BC003246B4 /* XCTestCase+MemoryLeakTracking.swift */ = {isa = PBXFileReference; lastKnownFileType = sourcecode.swift; path = "XCTestCase+MemoryLeakTracking.swift"; sourceTree = "<group>"; };
		D057CFC529A64F28003246B4 /* LoadResourcePresenter.swift */ = {isa = PBXFileReference; lastKnownFileType = sourcecode.swift; path = LoadResourcePresenter.swift; sourceTree = "<group>"; };
		D06275F4290AC9720014F27A /* URLSessionHTTPClient.swift */ = {isa = PBXFileReference; lastKnownFileType = sourcecode.swift; path = URLSessionHTTPClient.swift; sourceTree = "<group>"; };
		D0A67F262905C52400CD7178 /* URLSessionHTTPClientTests.swift */ = {isa = PBXFileReference; lastKnownFileType = sourcecode.swift; path = URLSessionHTTPClientTests.swift; sourceTree = "<group>"; };
		D0AC697828BD30E00073363F /* Core.framework */ = {isa = PBXFileReference; explicitFileType = wrapper.framework; includeInIndex = 0; path = Core.framework; sourceTree = BUILT_PRODUCTS_DIR; };
		D0AC698028BD30E00073363F /* CoreTests.xctest */ = {isa = PBXFileReference; explicitFileType = wrapper.cfbundle; includeInIndex = 0; path = CoreTests.xctest; sourceTree = BUILT_PRODUCTS_DIR; };
		D0AC699128BD31760073363F /* Issue.swift */ = {isa = PBXFileReference; lastKnownFileType = sourcecode.swift; path = Issue.swift; sourceTree = "<group>"; };
		D0AC699328BD31930073363F /* IssuesLoader.swift */ = {isa = PBXFileReference; lastKnownFileType = sourcecode.swift; path = IssuesLoader.swift; sourceTree = "<group>"; };
		D0AC699F28BD365E0073363F /* IssueViewModel.swift */ = {isa = PBXFileReference; lastKnownFileType = sourcecode.swift; path = IssueViewModel.swift; sourceTree = "<group>"; };
		D0AC69AC28BD57720073363F /* en */ = {isa = PBXFileReference; lastKnownFileType = text.plist.strings; name = en; path = en.lproj/Issues.strings; sourceTree = "<group>"; };
		D0AC69AE28BD57C70073363F /* nl */ = {isa = PBXFileReference; lastKnownFileType = text.plist.strings; name = nl; path = nl.lproj/Issues.strings; sourceTree = "<group>"; };
		D0AC69AF28BD580C0073363F /* IssuesLocalizationTests.swift */ = {isa = PBXFileReference; lastKnownFileType = sourcecode.swift; path = IssuesLocalizationTests.swift; sourceTree = "<group>"; };
		D0B9762228C1D45F00BF60C3 /* FileSystemIssueLoader.swift */ = {isa = PBXFileReference; lastKnownFileType = sourcecode.swift; path = FileSystemIssueLoader.swift; sourceTree = "<group>"; };
		D0B9762428C1D49500BF60C3 /* FileSystemIssueLoaderTests.swift */ = {isa = PBXFileReference; lastKnownFileType = sourcecode.swift; path = FileSystemIssueLoaderTests.swift; sourceTree = "<group>"; };
		D0EF8DD129050E2A00661505 /* RemoteIssuesLoaderTests.swift */ = {isa = PBXFileReference; lastKnownFileType = sourcecode.swift; path = RemoteIssuesLoaderTests.swift; sourceTree = "<group>"; };
		D0EF8DD82905AF5700661505 /* HTTPClient.swift */ = {isa = PBXFileReference; lastKnownFileType = sourcecode.swift; path = HTTPClient.swift; sourceTree = "<group>"; };
		D0EF8DDA2905AF9300661505 /* RemoteIssuesLoader.swift */ = {isa = PBXFileReference; lastKnownFileType = sourcecode.swift; path = RemoteIssuesLoader.swift; sourceTree = "<group>"; };
		D0EF8DDC2905B05700661505 /* IssuesMapper.swift */ = {isa = PBXFileReference; lastKnownFileType = sourcecode.swift; path = IssuesMapper.swift; sourceTree = "<group>"; };
		D0F0F99428C0B8D00030ED02 /* CSVIssuesMapper.swift */ = {isa = PBXFileReference; lastKnownFileType = sourcecode.swift; path = CSVIssuesMapper.swift; sourceTree = "<group>"; };
/* End PBXFileReference section */

/* Begin PBXFrameworksBuildPhase section */
		D0AC697528BD30E00073363F /* Frameworks */ = {
			isa = PBXFrameworksBuildPhase;
			buildActionMask = 2147483647;
			files = (
			);
			runOnlyForDeploymentPostprocessing = 0;
		};
		D0AC697D28BD30E00073363F /* Frameworks */ = {
			isa = PBXFrameworksBuildPhase;
			buildActionMask = 2147483647;
			files = (
				D0AC698128BD30E00073363F /* Core.framework in Frameworks */,
			);
			runOnlyForDeploymentPostprocessing = 0;
		};
/* End PBXFrameworksBuildPhase section */

/* Begin PBXGroup section */
		D057CFC229A649AA003246B4 /* Helpers */ = {
			isa = PBXGroup;
			children = (
				D057CFC329A649BC003246B4 /* XCTestCase+MemoryLeakTracking.swift */,
			);
			path = Helpers;
			sourceTree = "<group>";
		};
		D0AC696E28BD30E00073363F = {
			isa = PBXGroup;
			children = (
				D0AC697A28BD30E00073363F /* Core */,
				D0AC698428BD30E00073363F /* CoreTests */,
				D0AC697928BD30E00073363F /* Products */,
			);
			sourceTree = "<group>";
		};
		D0AC697928BD30E00073363F /* Products */ = {
			isa = PBXGroup;
			children = (
				D0AC697828BD30E00073363F /* Core.framework */,
				D0AC698028BD30E00073363F /* CoreTests.xctest */,
			);
			name = Products;
			sourceTree = "<group>";
		};
		D0AC697A28BD30E00073363F /* Core */ = {
			isa = PBXGroup;
			children = (
				D0EF8DD72905AF4C00661505 /* Issues API */,
				D0F0F99628C0C1030030ED02 /* Issues Infra */,
				D0AC699E28BD364C0073363F /* Issues Presentation */,
				D0AC699028BD315D0073363F /* Issues Feature */,
			);
			path = Core;
			sourceTree = "<group>";
		};
		D0AC698428BD30E00073363F /* CoreTests */ = {
			isa = PBXGroup;
			children = (
				D057CFC229A649AA003246B4 /* Helpers */,
				D0EF8DD329050E3100661505 /* Issues API */,
				D0F0F99728C0C1380030ED02 /* Issues Infra */,
				D0AC699B28BD321A0073363F /* Issues Presentation */,
			);
			path = CoreTests;
			sourceTree = "<group>";
		};
		D0AC699028BD315D0073363F /* Issues Feature */ = {
			isa = PBXGroup;
			children = (
				D0AC699128BD31760073363F /* Issue.swift */,
				D0AC699328BD31930073363F /* IssuesLoader.swift */,
			);
			path = "Issues Feature";
			sourceTree = "<group>";
		};
		D0AC699B28BD321A0073363F /* Issues Presentation */ = {
			isa = PBXGroup;
			children = (
				D0AC69AF28BD580C0073363F /* IssuesLocalizationTests.swift */,
				D057CFBE29A634ED003246B4 /* IssuesViewModelMapperTests.swift */,
				D057CFC029A635E9003246B4 /* LoadResourcePresenterTests.swift */,
			);
			path = "Issues Presentation";
			sourceTree = "<group>";
		};
		D0AC699E28BD364C0073363F /* Issues Presentation */ = {
			isa = PBXGroup;
			children = (
				D0AC699F28BD365E0073363F /* IssueViewModel.swift */,
				D0AC69AD28BD57720073363F /* Issues.strings */,
				D057CFBC29A63449003246B4 /* IssueViewModelMapper.swift */,
				D057CFC529A64F28003246B4 /* LoadResourcePresenter.swift */,
			);
			path = "Issues Presentation";
			sourceTree = "<group>";
		};
		D0EF8DD329050E3100661505 /* Issues API */ = {
			isa = PBXGroup;
			children = (
				D0EF8DD129050E2A00661505 /* RemoteIssuesLoaderTests.swift */,
				D0A67F262905C52400CD7178 /* URLSessionHTTPClientTests.swift */,
			);
			path = "Issues API";
			sourceTree = "<group>";
		};
		D0EF8DD72905AF4C00661505 /* Issues API */ = {
			isa = PBXGroup;
			children = (
				D0EF8DD82905AF5700661505 /* HTTPClient.swift */,
				D0EF8DDA2905AF9300661505 /* RemoteIssuesLoader.swift */,
				D0EF8DDC2905B05700661505 /* IssuesMapper.swift */,
				D06275F4290AC9720014F27A /* URLSessionHTTPClient.swift */,
			);
			path = "Issues API";
			sourceTree = "<group>";
		};
		D0F0F99628C0C1030030ED02 /* Issues Infra */ = {
			isa = PBXGroup;
			children = (
				D0F0F99428C0B8D00030ED02 /* CSVIssuesMapper.swift */,
				D0B9762228C1D45F00BF60C3 /* FileSystemIssueLoader.swift */,
				D004B55C2901DBC800AAACE3 /* StreamingFileReader.swift */,
			);
			path = "Issues Infra";
			sourceTree = "<group>";
		};
		D0F0F99728C0C1380030ED02 /* Issues Infra */ = {
			isa = PBXGroup;
			children = (
				D01984D428BE92DF00930C71 /* CSVIssuesMapperTests.swift */,
				D0B9762428C1D49500BF60C3 /* FileSystemIssueLoaderTests.swift */,
				D004B55A28FBFE2C00AAACE3 /* StreamingFileReader.swift */,
			);
			path = "Issues Infra";
			sourceTree = "<group>";
		};
/* End PBXGroup section */

/* Begin PBXHeadersBuildPhase section */
		D0AC697328BD30E00073363F /* Headers */ = {
			isa = PBXHeadersBuildPhase;
			buildActionMask = 2147483647;
			files = (
			);
			runOnlyForDeploymentPostprocessing = 0;
		};
/* End PBXHeadersBuildPhase section */

/* Begin PBXNativeTarget section */
		D0AC697728BD30E00073363F /* Core */ = {
			isa = PBXNativeTarget;
			buildConfigurationList = D0AC698A28BD30E00073363F /* Build configuration list for PBXNativeTarget "Core" */;
			buildPhases = (
				D0AC697328BD30E00073363F /* Headers */,
				D0AC697428BD30E00073363F /* Sources */,
				D0AC697528BD30E00073363F /* Frameworks */,
				D0AC697628BD30E00073363F /* Resources */,
			);
			buildRules = (
			);
			dependencies = (
			);
			name = Core;
			productName = Core;
			productReference = D0AC697828BD30E00073363F /* Core.framework */;
			productType = "com.apple.product-type.framework";
		};
		D0AC697F28BD30E00073363F /* CoreTests */ = {
			isa = PBXNativeTarget;
			buildConfigurationList = D0AC698D28BD30E00073363F /* Build configuration list for PBXNativeTarget "CoreTests" */;
			buildPhases = (
				D0AC697C28BD30E00073363F /* Sources */,
				D0AC697D28BD30E00073363F /* Frameworks */,
				D0AC697E28BD30E00073363F /* Resources */,
			);
			buildRules = (
			);
			dependencies = (
				D0AC698328BD30E00073363F /* PBXTargetDependency */,
			);
			name = CoreTests;
			productName = CoreTests;
			productReference = D0AC698028BD30E00073363F /* CoreTests.xctest */;
			productType = "com.apple.product-type.bundle.unit-test";
		};
/* End PBXNativeTarget section */

/* Begin PBXProject section */
		D0AC696F28BD30E00073363F /* Project object */ = {
			isa = PBXProject;
			attributes = {
				BuildIndependentTargetsInParallel = 1;
				LastSwiftUpdateCheck = 1340;
				LastUpgradeCheck = 1340;
				TargetAttributes = {
					D0AC697728BD30E00073363F = {
						CreatedOnToolsVersion = 13.4.1;
						LastSwiftMigration = 1340;
					};
					D0AC697F28BD30E00073363F = {
						CreatedOnToolsVersion = 13.4.1;
					};
				};
			};
			buildConfigurationList = D0AC697228BD30E00073363F /* Build configuration list for PBXProject "Core" */;
			compatibilityVersion = "Xcode 13.0";
			developmentRegion = en;
			hasScannedForEncodings = 0;
			knownRegions = (
				en,
				Base,
				nl,
			);
			mainGroup = D0AC696E28BD30E00073363F;
			productRefGroup = D0AC697928BD30E00073363F /* Products */;
			projectDirPath = "";
			projectRoot = "";
			targets = (
				D0AC697728BD30E00073363F /* Core */,
				D0AC697F28BD30E00073363F /* CoreTests */,
			);
		};
/* End PBXProject section */

/* Begin PBXResourcesBuildPhase section */
		D0AC697628BD30E00073363F /* Resources */ = {
			isa = PBXResourcesBuildPhase;
			buildActionMask = 2147483647;
			files = (
				D0AC69AB28BD57720073363F /* Issues.strings in Resources */,
			);
			runOnlyForDeploymentPostprocessing = 0;
		};
		D0AC697E28BD30E00073363F /* Resources */ = {
			isa = PBXResourcesBuildPhase;
			buildActionMask = 2147483647;
			files = (
			);
			runOnlyForDeploymentPostprocessing = 0;
		};
/* End PBXResourcesBuildPhase section */

/* Begin PBXSourcesBuildPhase section */
		D0AC697428BD30E00073363F /* Sources */ = {
			isa = PBXSourcesBuildPhase;
			buildActionMask = 2147483647;
			files = (
				D004B55D2901DBC800AAACE3 /* StreamingFileReader.swift in Sources */,
				D0EF8DDD2905B05700661505 /* IssuesMapper.swift in Sources */,
				D057CFBD29A63449003246B4 /* IssueViewModelMapper.swift in Sources */,
				D057CFC629A64F28003246B4 /* LoadResourcePresenter.swift in Sources */,
				D0AC699428BD31930073363F /* IssuesLoader.swift in Sources */,
				D0AC69A028BD365E0073363F /* IssueViewModel.swift in Sources */,
				D0EF8DD92905AF5700661505 /* HTTPClient.swift in Sources */,
				D0EF8DDB2905AF9300661505 /* RemoteIssuesLoader.swift in Sources */,
				D0F0F99528C0B8D00030ED02 /* CSVIssuesMapper.swift in Sources */,
				D0AC699228BD31760073363F /* Issue.swift in Sources */,
				D0B9762328C1D45F00BF60C3 /* FileSystemIssueLoader.swift in Sources */,
				D06275F5290AC9720014F27A /* URLSessionHTTPClient.swift in Sources */,
			);
			runOnlyForDeploymentPostprocessing = 0;
		};
		D0AC697C28BD30E00073363F /* Sources */ = {
			isa = PBXSourcesBuildPhase;
			buildActionMask = 2147483647;
			files = (
				D0A67F272905C52400CD7178 /* URLSessionHTTPClientTests.swift in Sources */,
				D0EF8DD229050E2A00661505 /* RemoteIssuesLoaderTests.swift in Sources */,
				D0B9762528C1D49500BF60C3 /* FileSystemIssueLoaderTests.swift in Sources */,
				D057CFC129A635E9003246B4 /* LoadResourcePresenterTests.swift in Sources */,
				D004B55B28FBFE2C00AAACE3 /* StreamingFileReader.swift in Sources */,
				D0AC69B028BD580C0073363F /* IssuesLocalizationTests.swift in Sources */,
				D057CFBF29A634ED003246B4 /* IssuesViewModelMapperTests.swift in Sources */,
				D01984D528BE92DF00930C71 /* CSVIssuesMapperTests.swift in Sources */,
				D057CFC429A649BC003246B4 /* XCTestCase+MemoryLeakTracking.swift in Sources */,
			);
			runOnlyForDeploymentPostprocessing = 0;
		};
/* End PBXSourcesBuildPhase section */

/* Begin PBXTargetDependency section */
		D0AC698328BD30E00073363F /* PBXTargetDependency */ = {
			isa = PBXTargetDependency;
			target = D0AC697728BD30E00073363F /* Core */;
			targetProxy = D0AC698228BD30E00073363F /* PBXContainerItemProxy */;
		};
/* End PBXTargetDependency section */

/* Begin PBXVariantGroup section */
		D0AC69AD28BD57720073363F /* Issues.strings */ = {
			isa = PBXVariantGroup;
			children = (
				D0AC69AC28BD57720073363F /* en */,
				D0AC69AE28BD57C70073363F /* nl */,
			);
			name = Issues.strings;
			sourceTree = "<group>";
		};
/* End PBXVariantGroup section */

/* Begin XCBuildConfiguration section */
		D0AC698828BD30E00073363F /* Debug */ = {
			isa = XCBuildConfiguration;
			buildSettings = {
				ALWAYS_SEARCH_USER_PATHS = NO;
				CLANG_ANALYZER_LOCALIZABILITY_NONLOCALIZED = YES;
				CLANG_ANALYZER_NONNULL = YES;
				CLANG_ANALYZER_NUMBER_OBJECT_CONVERSION = YES_AGGRESSIVE;
				CLANG_CXX_LANGUAGE_STANDARD = "gnu++17";
				CLANG_ENABLE_MODULES = YES;
				CLANG_ENABLE_OBJC_ARC = YES;
				CLANG_ENABLE_OBJC_WEAK = YES;
				CLANG_WARN_BLOCK_CAPTURE_AUTORELEASING = YES;
				CLANG_WARN_BOOL_CONVERSION = YES;
				CLANG_WARN_COMMA = YES;
				CLANG_WARN_CONSTANT_CONVERSION = YES;
				CLANG_WARN_DEPRECATED_OBJC_IMPLEMENTATIONS = YES;
				CLANG_WARN_DIRECT_OBJC_ISA_USAGE = YES_ERROR;
				CLANG_WARN_DOCUMENTATION_COMMENTS = YES;
				CLANG_WARN_EMPTY_BODY = YES;
				CLANG_WARN_ENUM_CONVERSION = YES;
				CLANG_WARN_INFINITE_RECURSION = YES;
				CLANG_WARN_INT_CONVERSION = YES;
				CLANG_WARN_NON_LITERAL_NULL_CONVERSION = YES;
				CLANG_WARN_OBJC_IMPLICIT_RETAIN_SELF = YES;
				CLANG_WARN_OBJC_LITERAL_CONVERSION = YES;
				CLANG_WARN_OBJC_ROOT_CLASS = YES_ERROR;
				CLANG_WARN_QUOTED_INCLUDE_IN_FRAMEWORK_HEADER = YES;
				CLANG_WARN_RANGE_LOOP_ANALYSIS = YES;
				CLANG_WARN_STRICT_PROTOTYPES = YES;
				CLANG_WARN_SUSPICIOUS_MOVE = YES;
				CLANG_WARN_UNGUARDED_AVAILABILITY = YES_AGGRESSIVE;
				CLANG_WARN_UNREACHABLE_CODE = YES;
				CLANG_WARN__DUPLICATE_METHOD_MATCH = YES;
				COPY_PHASE_STRIP = NO;
				CURRENT_PROJECT_VERSION = 1;
				DEBUG_INFORMATION_FORMAT = dwarf;
				ENABLE_STRICT_OBJC_MSGSEND = YES;
				ENABLE_TESTABILITY = YES;
				GCC_C_LANGUAGE_STANDARD = gnu11;
				GCC_DYNAMIC_NO_PIC = NO;
				GCC_NO_COMMON_BLOCKS = YES;
				GCC_OPTIMIZATION_LEVEL = 0;
				GCC_PREPROCESSOR_DEFINITIONS = (
					"DEBUG=1",
					"$(inherited)",
				);
				GCC_WARN_64_TO_32_BIT_CONVERSION = YES;
				GCC_WARN_ABOUT_RETURN_TYPE = YES_ERROR;
				GCC_WARN_UNDECLARED_SELECTOR = YES;
				GCC_WARN_UNINITIALIZED_AUTOS = YES_AGGRESSIVE;
				GCC_WARN_UNUSED_FUNCTION = YES;
				GCC_WARN_UNUSED_VARIABLE = YES;
				IPHONEOS_DEPLOYMENT_TARGET = 11.0;
				MACOSX_DEPLOYMENT_TARGET = 10.12;
				MTL_ENABLE_DEBUG_INFO = INCLUDE_SOURCE;
				MTL_FAST_MATH = YES;
				ONLY_ACTIVE_ARCH = YES;
				SDKROOT = iphoneos;
				SUPPORTED_PLATFORMS = "iphonesimulator iphoneos macosx";
				SWIFT_ACTIVE_COMPILATION_CONDITIONS = DEBUG;
				SWIFT_OPTIMIZATION_LEVEL = "-Onone";
				VERSIONING_SYSTEM = "apple-generic";
				VERSION_INFO_PREFIX = "";
			};
			name = Debug;
		};
		D0AC698928BD30E00073363F /* Release */ = {
			isa = XCBuildConfiguration;
			buildSettings = {
				ALWAYS_SEARCH_USER_PATHS = NO;
				CLANG_ANALYZER_LOCALIZABILITY_NONLOCALIZED = YES;
				CLANG_ANALYZER_NONNULL = YES;
				CLANG_ANALYZER_NUMBER_OBJECT_CONVERSION = YES_AGGRESSIVE;
				CLANG_CXX_LANGUAGE_STANDARD = "gnu++17";
				CLANG_ENABLE_MODULES = YES;
				CLANG_ENABLE_OBJC_ARC = YES;
				CLANG_ENABLE_OBJC_WEAK = YES;
				CLANG_WARN_BLOCK_CAPTURE_AUTORELEASING = YES;
				CLANG_WARN_BOOL_CONVERSION = YES;
				CLANG_WARN_COMMA = YES;
				CLANG_WARN_CONSTANT_CONVERSION = YES;
				CLANG_WARN_DEPRECATED_OBJC_IMPLEMENTATIONS = YES;
				CLANG_WARN_DIRECT_OBJC_ISA_USAGE = YES_ERROR;
				CLANG_WARN_DOCUMENTATION_COMMENTS = YES;
				CLANG_WARN_EMPTY_BODY = YES;
				CLANG_WARN_ENUM_CONVERSION = YES;
				CLANG_WARN_INFINITE_RECURSION = YES;
				CLANG_WARN_INT_CONVERSION = YES;
				CLANG_WARN_NON_LITERAL_NULL_CONVERSION = YES;
				CLANG_WARN_OBJC_IMPLICIT_RETAIN_SELF = YES;
				CLANG_WARN_OBJC_LITERAL_CONVERSION = YES;
				CLANG_WARN_OBJC_ROOT_CLASS = YES_ERROR;
				CLANG_WARN_QUOTED_INCLUDE_IN_FRAMEWORK_HEADER = YES;
				CLANG_WARN_RANGE_LOOP_ANALYSIS = YES;
				CLANG_WARN_STRICT_PROTOTYPES = YES;
				CLANG_WARN_SUSPICIOUS_MOVE = YES;
				CLANG_WARN_UNGUARDED_AVAILABILITY = YES_AGGRESSIVE;
				CLANG_WARN_UNREACHABLE_CODE = YES;
				CLANG_WARN__DUPLICATE_METHOD_MATCH = YES;
				COPY_PHASE_STRIP = NO;
				CURRENT_PROJECT_VERSION = 1;
				DEBUG_INFORMATION_FORMAT = "dwarf-with-dsym";
				ENABLE_NS_ASSERTIONS = NO;
				ENABLE_STRICT_OBJC_MSGSEND = YES;
				GCC_C_LANGUAGE_STANDARD = gnu11;
				GCC_NO_COMMON_BLOCKS = YES;
				GCC_WARN_64_TO_32_BIT_CONVERSION = YES;
				GCC_WARN_ABOUT_RETURN_TYPE = YES_ERROR;
				GCC_WARN_UNDECLARED_SELECTOR = YES;
				GCC_WARN_UNINITIALIZED_AUTOS = YES_AGGRESSIVE;
				GCC_WARN_UNUSED_FUNCTION = YES;
				GCC_WARN_UNUSED_VARIABLE = YES;
				IPHONEOS_DEPLOYMENT_TARGET = 11.0;
				MACOSX_DEPLOYMENT_TARGET = 10.12;
				MTL_ENABLE_DEBUG_INFO = NO;
				MTL_FAST_MATH = YES;
				SDKROOT = iphoneos;
				SUPPORTED_PLATFORMS = "iphonesimulator iphoneos macosx";
				SWIFT_COMPILATION_MODE = wholemodule;
				SWIFT_OPTIMIZATION_LEVEL = "-O";
				VALIDATE_PRODUCT = YES;
				VERSIONING_SYSTEM = "apple-generic";
				VERSION_INFO_PREFIX = "";
			};
			name = Release;
		};
		D0AC698B28BD30E00073363F /* Debug */ = {
			isa = XCBuildConfiguration;
			buildSettings = {
				CLANG_ENABLE_MODULES = YES;
				CODE_SIGN_IDENTITY = "Apple Development";
				"CODE_SIGN_IDENTITY[sdk=macosx*]" = "-";
				CODE_SIGN_STYLE = Automatic;
				CURRENT_PROJECT_VERSION = 1;
				DEFINES_MODULE = YES;
				DEVELOPMENT_TEAM = D83H87UGV3;
				DYLIB_COMPATIBILITY_VERSION = 1;
				DYLIB_CURRENT_VERSION = 1;
				DYLIB_INSTALL_NAME_BASE = "@rpath";
				GENERATE_INFOPLIST_FILE = YES;
				INFOPLIST_KEY_NSHumanReadableCopyright = "";
				INSTALL_PATH = "$(LOCAL_LIBRARY_DIR)/Frameworks";
				LD_RUNPATH_SEARCH_PATHS = (
					"$(inherited)",
					"@executable_path/Frameworks",
					"@loader_path/Frameworks",
				);
				MARKETING_VERSION = 1.0;
				PRODUCT_BUNDLE_IDENTIFIER = Combidi.Issues.Core;
				PRODUCT_NAME = "$(TARGET_NAME:c99extidentifier)";
				SKIP_INSTALL = YES;
				SWIFT_EMIT_LOC_STRINGS = YES;
				SWIFT_OPTIMIZATION_LEVEL = "-Onone";
				SWIFT_VERSION = 5.0;
				TARGETED_DEVICE_FAMILY = "1,2";
			};
			name = Debug;
		};
		D0AC698C28BD30E00073363F /* Release */ = {
			isa = XCBuildConfiguration;
			buildSettings = {
				CLANG_ENABLE_MODULES = YES;
				CODE_SIGN_IDENTITY = "Apple Development";
				"CODE_SIGN_IDENTITY[sdk=macosx*]" = "-";
				CODE_SIGN_STYLE = Automatic;
				CURRENT_PROJECT_VERSION = 1;
				DEFINES_MODULE = YES;
				DEVELOPMENT_TEAM = D83H87UGV3;
				DYLIB_COMPATIBILITY_VERSION = 1;
				DYLIB_CURRENT_VERSION = 1;
				DYLIB_INSTALL_NAME_BASE = "@rpath";
				GENERATE_INFOPLIST_FILE = YES;
				INFOPLIST_KEY_NSHumanReadableCopyright = "";
				INSTALL_PATH = "$(LOCAL_LIBRARY_DIR)/Frameworks";
				LD_RUNPATH_SEARCH_PATHS = (
					"$(inherited)",
					"@executable_path/Frameworks",
					"@loader_path/Frameworks",
				);
				MARKETING_VERSION = 1.0;
				PRODUCT_BUNDLE_IDENTIFIER = Combidi.Issues.Core;
				PRODUCT_NAME = "$(TARGET_NAME:c99extidentifier)";
				SKIP_INSTALL = YES;
				SWIFT_EMIT_LOC_STRINGS = YES;
				SWIFT_VERSION = 5.0;
				TARGETED_DEVICE_FAMILY = "1,2";
			};
			name = Release;
		};
		D0AC698E28BD30E00073363F /* Debug */ = {
			isa = XCBuildConfiguration;
			buildSettings = {
				ALWAYS_EMBED_SWIFT_STANDARD_LIBRARIES = YES;
				CODE_SIGN_STYLE = Automatic;
				CURRENT_PROJECT_VERSION = 1;
				DEVELOPMENT_TEAM = D83H87UGV3;
				GENERATE_INFOPLIST_FILE = YES;
				MARKETING_VERSION = 1.0;
				PRODUCT_BUNDLE_IDENTIFIER = Combidi.Issues.CoreTests;
				PRODUCT_NAME = "$(TARGET_NAME)";
				SWIFT_EMIT_LOC_STRINGS = NO;
				SWIFT_VERSION = 5.0;
				TARGETED_DEVICE_FAMILY = "1,2";
			};
			name = Debug;
		};
		D0AC698F28BD30E00073363F /* Release */ = {
			isa = XCBuildConfiguration;
			buildSettings = {
				ALWAYS_EMBED_SWIFT_STANDARD_LIBRARIES = YES;
				CODE_SIGN_STYLE = Automatic;
				CURRENT_PROJECT_VERSION = 1;
				DEVELOPMENT_TEAM = D83H87UGV3;
				GENERATE_INFOPLIST_FILE = YES;
				MARKETING_VERSION = 1.0;
				PRODUCT_BUNDLE_IDENTIFIER = Combidi.Issues.CoreTests;
				PRODUCT_NAME = "$(TARGET_NAME)";
				SWIFT_EMIT_LOC_STRINGS = NO;
				SWIFT_VERSION = 5.0;
				TARGETED_DEVICE_FAMILY = "1,2";
			};
			name = Release;
		};
/* End XCBuildConfiguration section */

/* Begin XCConfigurationList section */
		D0AC697228BD30E00073363F /* Build configuration list for PBXProject "Core" */ = {
			isa = XCConfigurationList;
			buildConfigurations = (
				D0AC698828BD30E00073363F /* Debug */,
				D0AC698928BD30E00073363F /* Release */,
			);
			defaultConfigurationIsVisible = 0;
			defaultConfigurationName = Release;
		};
		D0AC698A28BD30E00073363F /* Build configuration list for PBXNativeTarget "Core" */ = {
			isa = XCConfigurationList;
			buildConfigurations = (
				D0AC698B28BD30E00073363F /* Debug */,
				D0AC698C28BD30E00073363F /* Release */,
			);
			defaultConfigurationIsVisible = 0;
			defaultConfigurationName = Release;
		};
		D0AC698D28BD30E00073363F /* Build configuration list for PBXNativeTarget "CoreTests" */ = {
			isa = XCConfigurationList;
			buildConfigurations = (
				D0AC698E28BD30E00073363F /* Debug */,
				D0AC698F28BD30E00073363F /* Release */,
			);
			defaultConfigurationIsVisible = 0;
			defaultConfigurationName = Release;
		};
/* End XCConfigurationList section */
	};
	rootObject = D0AC696F28BD30E00073363F /* Project object */;
}
