// !$*UTF8*$!
{
	archiveVersion = 1;
	classes = {
	};
	objectVersion = 55;
	objects = {

/* Begin PBXBuildFile section */
		D035DFDF28B69A5600003ACB /* IssuesSnapshotTests.swift in Sources */ = {isa = PBXBuildFile; fileRef = D035DFDE28B69A5600003ACB /* IssuesSnapshotTests.swift */; };
		D035DFE128B69BD200003ACB /* snapshots in Resources */ = {isa = PBXBuildFile; fileRef = D035DFE028B69BD200003ACB /* snapshots */; };
		D045211E28C522F500974145 /* issues.csv in Resources */ = {isa = PBXBuildFile; fileRef = D045211D28C522F500974145 /* issues.csv */; };
		D057CFAE29965A13003246B4 /* LoadMoreCellController.swift in Sources */ = {isa = PBXBuildFile; fileRef = D057CFAD29965A13003246B4 /* LoadMoreCellController.swift */; };
		D057CFB029965A36003246B4 /* LoadMoreCell.swift in Sources */ = {isa = PBXBuildFile; fileRef = D057CFAF29965A36003246B4 /* LoadMoreCell.swift */; };
		D057CFB529A3727A003246B4 /* UITableView+CellRegistration.swift in Sources */ = {isa = PBXBuildFile; fileRef = D057CFB429A3727A003246B4 /* UITableView+CellRegistration.swift */; };
		D057CFB729A372F6003246B4 /* UITableView+Dequeuing.swift in Sources */ = {isa = PBXBuildFile; fileRef = D057CFB629A372F6003246B4 /* UITableView+Dequeuing.swift */; };
		D057CFC829A659EA003246B4 /* WeakRefVirtualProxy.swift in Sources */ = {isa = PBXBuildFile; fileRef = D057CFC729A659EA003246B4 /* WeakRefVirtualProxy.swift */; };
		D05842DF28B7B44700450ACA /* IssueCell.xib in Resources */ = {isa = PBXBuildFile; fileRef = D05842DE28B7B44700450ACA /* IssueCell.xib */; };
		D0702CF82A0BCE32008B6DE6 /* manyIssues.csv in Resources */ = {isa = PBXBuildFile; fileRef = D0702CF72A0BCE32008B6DE6 /* manyIssues.csv */; };
		D0702D042A0BDAB7008B6DE6 /* IssuesUIIntegrationTests.swift in Sources */ = {isa = PBXBuildFile; fileRef = D0702D032A0BDAB7008B6DE6 /* IssuesUIIntegrationTests.swift */; };
		D08E51CB28B3FEB7005B4B80 /* PaginatedIssuesUIIntegrationTests.swift in Sources */ = {isa = PBXBuildFile; fileRef = D08E51C928B3FE92005B4B80 /* PaginatedIssuesUIIntegrationTests.swift */; };
		D0AB94FC28B55B470010B924 /* ListViewController.swift in Sources */ = {isa = PBXBuildFile; fileRef = D0AB94FB28B55B470010B924 /* ListViewController.swift */; };
		D0AB94FF28B55BCB0010B924 /* IssueCell.swift in Sources */ = {isa = PBXBuildFile; fileRef = D0AB94FE28B55BCB0010B924 /* IssueCell.swift */; };
		D0AB950428B55C790010B924 /* PaginatedIssuesUIComposer.swift in Sources */ = {isa = PBXBuildFile; fileRef = D0AB950328B55C790010B924 /* PaginatedIssuesUIComposer.swift */; };
		D0AC699728BD31BA0073363F /* Core.framework in Frameworks */ = {isa = PBXBuildFile; fileRef = D0AC699628BD31BA0073363F /* Core.framework */; };
		D0AC699828BD31BA0073363F /* Core.framework in Embed Frameworks */ = {isa = PBXBuildFile; fileRef = D0AC699628BD31BA0073363F /* Core.framework */; settings = {ATTRIBUTES = (CodeSignOnCopy, RemoveHeadersOnCopy, ); }; };
		D0B9762728C1F97C00BF60C3 /* SceneDelegateTests.swift in Sources */ = {isa = PBXBuildFile; fileRef = D0B9762628C1F97C00BF60C3 /* SceneDelegateTests.swift */; };
		D0BAC24F28B3F388001D6538 /* AppDelegate.swift in Sources */ = {isa = PBXBuildFile; fileRef = D0BAC24E28B3F388001D6538 /* AppDelegate.swift */; };
		D0BAC25128B3F388001D6538 /* SceneDelegate.swift in Sources */ = {isa = PBXBuildFile; fileRef = D0BAC25028B3F388001D6538 /* SceneDelegate.swift */; };
		D0BAC25828B3F38A001D6538 /* Assets.xcassets in Resources */ = {isa = PBXBuildFile; fileRef = D0BAC25728B3F38A001D6538 /* Assets.xcassets */; };
		D0BAC25B28B3F38A001D6538 /* LaunchScreen.storyboard in Resources */ = {isa = PBXBuildFile; fileRef = D0BAC25928B3F38A001D6538 /* LaunchScreen.storyboard */; };
		D0C068552A0BCD0200E21535 /* IssuesUIAcceptanceTests.swift in Sources */ = {isa = PBXBuildFile; fileRef = D0C0684C2A0BC88F00E21535 /* IssuesUIAcceptanceTests.swift */; };
		D0ED3AC029964EE00097CAB6 /* IssueCellController.swift in Sources */ = {isa = PBXBuildFile; fileRef = D0ED3ABF29964EE00097CAB6 /* IssueCellController.swift */; };
		D0EE74F929AF4B290065E742 /* Paginated.swift in Sources */ = {isa = PBXBuildFile; fileRef = D0EE74F829AF4B290065E742 /* Paginated.swift */; };
/* End PBXBuildFile section */

/* Begin PBXContainerItemProxy section */
		D0BAC26228B3F38B001D6538 /* PBXContainerItemProxy */ = {
			isa = PBXContainerItemProxy;
			containerPortal = D0BAC24328B3F388001D6538 /* Project object */;
			proxyType = 1;
			remoteGlobalIDString = D0BAC24A28B3F388001D6538;
			remoteInfo = Issues;
		};
		D0C068502A0BC88F00E21535 /* PBXContainerItemProxy */ = {
			isa = PBXContainerItemProxy;
			containerPortal = D0BAC24328B3F388001D6538 /* Project object */;
			proxyType = 1;
			remoteGlobalIDString = D0BAC24A28B3F388001D6538;
			remoteInfo = Issues;
		};
/* End PBXContainerItemProxy section */

/* Begin PBXCopyFilesBuildPhase section */
		D0AC699928BD31BA0073363F /* Embed Frameworks */ = {
			isa = PBXCopyFilesBuildPhase;
			buildActionMask = 2147483647;
			dstPath = "";
			dstSubfolderSpec = 10;
			files = (
				D0AC699828BD31BA0073363F /* Core.framework in Embed Frameworks */,
			);
			name = "Embed Frameworks";
			runOnlyForDeploymentPostprocessing = 0;
		};
/* End PBXCopyFilesBuildPhase section */

/* Begin PBXFileReference section */
		D035DFDE28B69A5600003ACB /* IssuesSnapshotTests.swift */ = {isa = PBXFileReference; lastKnownFileType = sourcecode.swift; path = IssuesSnapshotTests.swift; sourceTree = "<group>"; };
		D035DFE028B69BD200003ACB /* snapshots */ = {isa = PBXFileReference; lastKnownFileType = folder; path = snapshots; sourceTree = "<group>"; };
		D045211D28C522F500974145 /* issues.csv */ = {isa = PBXFileReference; fileEncoding = 4; lastKnownFileType = text; path = issues.csv; sourceTree = "<group>"; };
		D057CFAD29965A13003246B4 /* LoadMoreCellController.swift */ = {isa = PBXFileReference; lastKnownFileType = sourcecode.swift; path = LoadMoreCellController.swift; sourceTree = "<group>"; };
		D057CFAF29965A36003246B4 /* LoadMoreCell.swift */ = {isa = PBXFileReference; lastKnownFileType = sourcecode.swift; path = LoadMoreCell.swift; sourceTree = "<group>"; };
		D057CFB429A3727A003246B4 /* UITableView+CellRegistration.swift */ = {isa = PBXFileReference; lastKnownFileType = sourcecode.swift; path = "UITableView+CellRegistration.swift"; sourceTree = "<group>"; };
		D057CFB629A372F6003246B4 /* UITableView+Dequeuing.swift */ = {isa = PBXFileReference; lastKnownFileType = sourcecode.swift; path = "UITableView+Dequeuing.swift"; sourceTree = "<group>"; };
		D057CFC729A659EA003246B4 /* WeakRefVirtualProxy.swift */ = {isa = PBXFileReference; lastKnownFileType = sourcecode.swift; path = WeakRefVirtualProxy.swift; sourceTree = "<group>"; };
		D05842DE28B7B44700450ACA /* IssueCell.xib */ = {isa = PBXFileReference; lastKnownFileType = file.xib; path = IssueCell.xib; sourceTree = "<group>"; };
		D0702CF72A0BCE32008B6DE6 /* manyIssues.csv */ = {isa = PBXFileReference; fileEncoding = 4; lastKnownFileType = text; path = manyIssues.csv; sourceTree = "<group>"; };
		D0702D032A0BDAB7008B6DE6 /* IssuesUIIntegrationTests.swift */ = {isa = PBXFileReference; lastKnownFileType = sourcecode.swift; path = IssuesUIIntegrationTests.swift; sourceTree = "<group>"; };
		D08E51C928B3FE92005B4B80 /* PaginatedIssuesUIIntegrationTests.swift */ = {isa = PBXFileReference; lastKnownFileType = sourcecode.swift; path = PaginatedIssuesUIIntegrationTests.swift; sourceTree = "<group>"; };
		D0AB94FB28B55B470010B924 /* ListViewController.swift */ = {isa = PBXFileReference; lastKnownFileType = sourcecode.swift; path = ListViewController.swift; sourceTree = "<group>"; };
		D0AB94FE28B55BCB0010B924 /* IssueCell.swift */ = {isa = PBXFileReference; lastKnownFileType = sourcecode.swift; path = IssueCell.swift; sourceTree = "<group>"; };
		D0AB950328B55C790010B924 /* PaginatedIssuesUIComposer.swift */ = {isa = PBXFileReference; lastKnownFileType = sourcecode.swift; path = PaginatedIssuesUIComposer.swift; sourceTree = "<group>"; };
		D0AC699628BD31BA0073363F /* Core.framework */ = {isa = PBXFileReference; explicitFileType = wrapper.framework; path = Core.framework; sourceTree = BUILT_PRODUCTS_DIR; };
		D0B9762628C1F97C00BF60C3 /* SceneDelegateTests.swift */ = {isa = PBXFileReference; lastKnownFileType = sourcecode.swift; path = SceneDelegateTests.swift; sourceTree = "<group>"; };
		D0BAC24B28B3F388001D6538 /* Issues.app */ = {isa = PBXFileReference; explicitFileType = wrapper.application; includeInIndex = 0; path = Issues.app; sourceTree = BUILT_PRODUCTS_DIR; };
		D0BAC24E28B3F388001D6538 /* AppDelegate.swift */ = {isa = PBXFileReference; lastKnownFileType = sourcecode.swift; path = AppDelegate.swift; sourceTree = "<group>"; };
		D0BAC25028B3F388001D6538 /* SceneDelegate.swift */ = {isa = PBXFileReference; lastKnownFileType = sourcecode.swift; path = SceneDelegate.swift; sourceTree = "<group>"; };
		D0BAC25728B3F38A001D6538 /* Assets.xcassets */ = {isa = PBXFileReference; lastKnownFileType = folder.assetcatalog; path = Assets.xcassets; sourceTree = "<group>"; };
		D0BAC25A28B3F38A001D6538 /* Base */ = {isa = PBXFileReference; lastKnownFileType = file.storyboard; name = Base; path = Base.lproj/LaunchScreen.storyboard; sourceTree = "<group>"; };
		D0BAC25C28B3F38A001D6538 /* Info.plist */ = {isa = PBXFileReference; lastKnownFileType = text.plist.xml; path = Info.plist; sourceTree = "<group>"; };
		D0BAC26128B3F38B001D6538 /* IssuesTests.xctest */ = {isa = PBXFileReference; explicitFileType = wrapper.cfbundle; includeInIndex = 0; path = IssuesTests.xctest; sourceTree = BUILT_PRODUCTS_DIR; };
		D0C0684A2A0BC88F00E21535 /* IssuesUIAcceptanceTests.xctest */ = {isa = PBXFileReference; explicitFileType = wrapper.cfbundle; includeInIndex = 0; path = IssuesUIAcceptanceTests.xctest; sourceTree = BUILT_PRODUCTS_DIR; };
		D0C0684C2A0BC88F00E21535 /* IssuesUIAcceptanceTests.swift */ = {isa = PBXFileReference; lastKnownFileType = sourcecode.swift; path = IssuesUIAcceptanceTests.swift; sourceTree = "<group>"; };
		D0ED3ABF29964EE00097CAB6 /* IssueCellController.swift */ = {isa = PBXFileReference; lastKnownFileType = sourcecode.swift; path = IssueCellController.swift; sourceTree = "<group>"; };
		D0EE74F829AF4B290065E742 /* Paginated.swift */ = {isa = PBXFileReference; lastKnownFileType = sourcecode.swift; path = Paginated.swift; sourceTree = "<group>"; };
/* End PBXFileReference section */

/* Begin PBXFrameworksBuildPhase section */
		D0BAC24828B3F388001D6538 /* Frameworks */ = {
			isa = PBXFrameworksBuildPhase;
			buildActionMask = 2147483647;
			files = (
				D0AC699728BD31BA0073363F /* Core.framework in Frameworks */,
			);
			runOnlyForDeploymentPostprocessing = 0;
		};
		D0BAC25E28B3F38B001D6538 /* Frameworks */ = {
			isa = PBXFrameworksBuildPhase;
			buildActionMask = 2147483647;
			files = (
			);
			runOnlyForDeploymentPostprocessing = 0;
		};
		D0C068472A0BC88F00E21535 /* Frameworks */ = {
			isa = PBXFrameworksBuildPhase;
			buildActionMask = 2147483647;
			files = (
			);
			runOnlyForDeploymentPostprocessing = 0;
		};
/* End PBXFrameworksBuildPhase section */

/* Begin PBXGroup section */
		D017C29729CA08F3003C7BDB /* Shared UI */ = {
			isa = PBXGroup;
			children = (
				D0AB94FB28B55B470010B924 /* ListViewController.swift */,
				D057CFB129965A56003246B4 /* Load More Cell */,
			);
			path = "Shared UI";
			sourceTree = "<group>";
		};
		D017C29829CA09E9003C7BDB /* Main */ = {
			isa = PBXGroup;
			children = (
				D0B9762628C1F97C00BF60C3 /* SceneDelegateTests.swift */,
				D08E51C928B3FE92005B4B80 /* PaginatedIssuesUIIntegrationTests.swift */,
				D0702D032A0BDAB7008B6DE6 /* IssuesUIIntegrationTests.swift */,
			);
			path = Main;
			sourceTree = "<group>";
		};
		D035DFDD28B69A4400003ACB /* Issues UI */ = {
			isa = PBXGroup;
			children = (
				D035DFDE28B69A5600003ACB /* IssuesSnapshotTests.swift */,
				D035DFE028B69BD200003ACB /* snapshots */,
			);
			path = "Issues UI";
			sourceTree = "<group>";
		};
		D057CFB129965A56003246B4 /* Load More Cell */ = {
			isa = PBXGroup;
			children = (
				D057CFAD29965A13003246B4 /* LoadMoreCellController.swift */,
				D057CFAF29965A36003246B4 /* LoadMoreCell.swift */,
			);
			path = "Load More Cell";
			sourceTree = "<group>";
		};
		D057CFB329965ABA003246B4 /* Main */ = {
			isa = PBXGroup;
			children = (
				D0AB950328B55C790010B924 /* PaginatedIssuesUIComposer.swift */,
				D0BAC24E28B3F388001D6538 /* AppDelegate.swift */,
				D0BAC25028B3F388001D6538 /* SceneDelegate.swift */,
				D045211D28C522F500974145 /* issues.csv */,
				D0702CF72A0BCE32008B6DE6 /* manyIssues.csv */,
				D0BAC25728B3F38A001D6538 /* Assets.xcassets */,
				D0BAC25928B3F38A001D6538 /* LaunchScreen.storyboard */,
				D057CFC729A659EA003246B4 /* WeakRefVirtualProxy.swift */,
				D0EE74F829AF4B290065E742 /* Paginated.swift */,
			);
			path = Main;
			sourceTree = "<group>";
		};
		D0AB94FD28B55BBC0010B924 /* Issues UI */ = {
			isa = PBXGroup;
			children = (
				D057CFB429A3727A003246B4 /* UITableView+CellRegistration.swift */,
				D0AB94FE28B55BCB0010B924 /* IssueCell.swift */,
				D05842DE28B7B44700450ACA /* IssueCell.xib */,
				D0ED3ABF29964EE00097CAB6 /* IssueCellController.swift */,
				D057CFB629A372F6003246B4 /* UITableView+Dequeuing.swift */,
			);
			path = "Issues UI";
			sourceTree = "<group>";
		};
		D0AC699528BD31BA0073363F /* Frameworks */ = {
			isa = PBXGroup;
			children = (
				D0AC699628BD31BA0073363F /* Core.framework */,
			);
			name = Frameworks;
			sourceTree = "<group>";
		};
		D0BAC24228B3F387001D6538 = {
			isa = PBXGroup;
			children = (
				D0BAC24D28B3F388001D6538 /* Issues */,
				D0BAC26428B3F38B001D6538 /* IssuesTests */,
				D0C0684B2A0BC88F00E21535 /* IssuesUIAcceptanceTests */,
				D0BAC24C28B3F388001D6538 /* Products */,
				D0AC699528BD31BA0073363F /* Frameworks */,
			);
			sourceTree = "<group>";
		};
		D0BAC24C28B3F388001D6538 /* Products */ = {
			isa = PBXGroup;
			children = (
				D0BAC24B28B3F388001D6538 /* Issues.app */,
				D0BAC26128B3F38B001D6538 /* IssuesTests.xctest */,
				D0C0684A2A0BC88F00E21535 /* IssuesUIAcceptanceTests.xctest */,
			);
			name = Products;
			sourceTree = "<group>";
		};
		D0BAC24D28B3F388001D6538 /* Issues */ = {
			isa = PBXGroup;
			children = (
				D057CFB329965ABA003246B4 /* Main */,
				D017C29729CA08F3003C7BDB /* Shared UI */,
				D0AB94FD28B55BBC0010B924 /* Issues UI */,
				D0BAC25C28B3F38A001D6538 /* Info.plist */,
			);
			path = Issues;
			sourceTree = "<group>";
		};
		D0BAC26428B3F38B001D6538 /* IssuesTests */ = {
			isa = PBXGroup;
			children = (
				D017C29829CA09E9003C7BDB /* Main */,
				D035DFDD28B69A4400003ACB /* Issues UI */,
			);
			path = IssuesTests;
			sourceTree = "<group>";
		};
		D0C0684B2A0BC88F00E21535 /* IssuesUIAcceptanceTests */ = {
			isa = PBXGroup;
			children = (
				D0C0684C2A0BC88F00E21535 /* IssuesUIAcceptanceTests.swift */,
			);
			path = IssuesUIAcceptanceTests;
			sourceTree = "<group>";
		};
/* End PBXGroup section */

/* Begin PBXNativeTarget section */
		D0BAC24A28B3F388001D6538 /* Issues */ = {
			isa = PBXNativeTarget;
			buildConfigurationList = D0BAC27528B3F38B001D6538 /* Build configuration list for PBXNativeTarget "Issues" */;
			buildPhases = (
				D0BAC24728B3F388001D6538 /* Sources */,
				D0BAC24828B3F388001D6538 /* Frameworks */,
				D0BAC24928B3F388001D6538 /* Resources */,
				D0AC699928BD31BA0073363F /* Embed Frameworks */,
			);
			buildRules = (
			);
			dependencies = (
			);
			name = Issues;
			productName = Issues;
			productReference = D0BAC24B28B3F388001D6538 /* Issues.app */;
			productType = "com.apple.product-type.application";
		};
		D0BAC26028B3F38B001D6538 /* IssuesTests */ = {
			isa = PBXNativeTarget;
			buildConfigurationList = D0BAC27828B3F38B001D6538 /* Build configuration list for PBXNativeTarget "IssuesTests" */;
			buildPhases = (
				D0BAC25D28B3F38B001D6538 /* Sources */,
				D0BAC25E28B3F38B001D6538 /* Frameworks */,
				D0BAC25F28B3F38B001D6538 /* Resources */,
			);
			buildRules = (
			);
			dependencies = (
				D0BAC26328B3F38B001D6538 /* PBXTargetDependency */,
			);
			name = IssuesTests;
			productName = IssuesTests;
			productReference = D0BAC26128B3F38B001D6538 /* IssuesTests.xctest */;
			productType = "com.apple.product-type.bundle.unit-test";
		};
		D0C068492A0BC88F00E21535 /* IssuesUIAcceptanceTests */ = {
			isa = PBXNativeTarget;
			buildConfigurationList = D0C068542A0BC88F00E21535 /* Build configuration list for PBXNativeTarget "IssuesUIAcceptanceTests" */;
			buildPhases = (
				D0C068462A0BC88F00E21535 /* Sources */,
				D0C068472A0BC88F00E21535 /* Frameworks */,
				D0C068482A0BC88F00E21535 /* Resources */,
			);
			buildRules = (
			);
			dependencies = (
				D0C068512A0BC88F00E21535 /* PBXTargetDependency */,
			);
			name = IssuesUIAcceptanceTests;
			productName = IssuesAcceptanceTests;
			productReference = D0C0684A2A0BC88F00E21535 /* IssuesUIAcceptanceTests.xctest */;
			productType = "com.apple.product-type.bundle.ui-testing";
		};
/* End PBXNativeTarget section */

/* Begin PBXProject section */
		D0BAC24328B3F388001D6538 /* Project object */ = {
			isa = PBXProject;
			attributes = {
				BuildIndependentTargetsInParallel = 1;
				LastSwiftUpdateCheck = 1420;
				LastUpgradeCheck = 1340;
				TargetAttributes = {
					D0BAC24A28B3F388001D6538 = {
						CreatedOnToolsVersion = 13.4.1;
					};
					D0BAC26028B3F38B001D6538 = {
						CreatedOnToolsVersion = 13.4.1;
						TestTargetID = D0BAC24A28B3F388001D6538;
					};
					D0C068492A0BC88F00E21535 = {
						CreatedOnToolsVersion = 14.2;
						TestTargetID = D0BAC24A28B3F388001D6538;
					};
				};
			};
			buildConfigurationList = D0BAC24628B3F388001D6538 /* Build configuration list for PBXProject "Issues" */;
			compatibilityVersion = "Xcode 13.0";
			developmentRegion = en;
			hasScannedForEncodings = 0;
			knownRegions = (
				en,
				Base,
			);
			mainGroup = D0BAC24228B3F387001D6538;
			productRefGroup = D0BAC24C28B3F388001D6538 /* Products */;
			projectDirPath = "";
			projectRoot = "";
			targets = (
				D0BAC24A28B3F388001D6538 /* Issues */,
				D0BAC26028B3F38B001D6538 /* IssuesTests */,
				D0C068492A0BC88F00E21535 /* IssuesUIAcceptanceTests */,
			);
		};
/* End PBXProject section */

/* Begin PBXResourcesBuildPhase section */
		D0BAC24928B3F388001D6538 /* Resources */ = {
			isa = PBXResourcesBuildPhase;
			buildActionMask = 2147483647;
			files = (
				D0702CF82A0BCE32008B6DE6 /* manyIssues.csv in Resources */,
				D05842DF28B7B44700450ACA /* IssueCell.xib in Resources */,
				D0BAC25B28B3F38A001D6538 /* LaunchScreen.storyboard in Resources */,
				D045211E28C522F500974145 /* issues.csv in Resources */,
				D0BAC25828B3F38A001D6538 /* Assets.xcassets in Resources */,
			);
			runOnlyForDeploymentPostprocessing = 0;
		};
		D0BAC25F28B3F38B001D6538 /* Resources */ = {
			isa = PBXResourcesBuildPhase;
			buildActionMask = 2147483647;
			files = (
				D035DFE128B69BD200003ACB /* snapshots in Resources */,
			);
			runOnlyForDeploymentPostprocessing = 0;
		};
		D0C068482A0BC88F00E21535 /* Resources */ = {
			isa = PBXResourcesBuildPhase;
			buildActionMask = 2147483647;
			files = (
			);
			runOnlyForDeploymentPostprocessing = 0;
		};
/* End PBXResourcesBuildPhase section */

/* Begin PBXSourcesBuildPhase section */
		D0BAC24728B3F388001D6538 /* Sources */ = {
			isa = PBXSourcesBuildPhase;
			buildActionMask = 2147483647;
			files = (
				D057CFC829A659EA003246B4 /* WeakRefVirtualProxy.swift in Sources */,
				D057CFB029965A36003246B4 /* LoadMoreCell.swift in Sources */,
				D057CFB729A372F6003246B4 /* UITableView+Dequeuing.swift in Sources */,
				D0AB94FC28B55B470010B924 /* ListViewController.swift in Sources */,
				D0ED3AC029964EE00097CAB6 /* IssueCellController.swift in Sources */,
				D0AB950428B55C790010B924 /* PaginatedIssuesUIComposer.swift in Sources */,
				D0BAC24F28B3F388001D6538 /* AppDelegate.swift in Sources */,
				D057CFAE29965A13003246B4 /* LoadMoreCellController.swift in Sources */,
				D0BAC25128B3F388001D6538 /* SceneDelegate.swift in Sources */,
				D0AB94FF28B55BCB0010B924 /* IssueCell.swift in Sources */,
				D057CFB529A3727A003246B4 /* UITableView+CellRegistration.swift in Sources */,
				D0EE74F929AF4B290065E742 /* Paginated.swift in Sources */,
			);
			runOnlyForDeploymentPostprocessing = 0;
		};
		D0BAC25D28B3F38B001D6538 /* Sources */ = {
			isa = PBXSourcesBuildPhase;
			buildActionMask = 2147483647;
			files = (
				D08E51CB28B3FEB7005B4B80 /* PaginatedIssuesUIIntegrationTests.swift in Sources */,
				D035DFDF28B69A5600003ACB /* IssuesSnapshotTests.swift in Sources */,
				D0702D042A0BDAB7008B6DE6 /* IssuesUIIntegrationTests.swift in Sources */,
				D0B9762728C1F97C00BF60C3 /* SceneDelegateTests.swift in Sources */,
			);
			runOnlyForDeploymentPostprocessing = 0;
		};
		D0C068462A0BC88F00E21535 /* Sources */ = {
			isa = PBXSourcesBuildPhase;
			buildActionMask = 2147483647;
			files = (
				D0C068552A0BCD0200E21535 /* IssuesUIAcceptanceTests.swift in Sources */,
			);
			runOnlyForDeploymentPostprocessing = 0;
		};
/* End PBXSourcesBuildPhase section */

/* Begin PBXTargetDependency section */
		D0BAC26328B3F38B001D6538 /* PBXTargetDependency */ = {
			isa = PBXTargetDependency;
			target = D0BAC24A28B3F388001D6538 /* Issues */;
			targetProxy = D0BAC26228B3F38B001D6538 /* PBXContainerItemProxy */;
		};
		D0C068512A0BC88F00E21535 /* PBXTargetDependency */ = {
			isa = PBXTargetDependency;
			target = D0BAC24A28B3F388001D6538 /* Issues */;
			targetProxy = D0C068502A0BC88F00E21535 /* PBXContainerItemProxy */;
		};
/* End PBXTargetDependency section */

/* Begin PBXVariantGroup section */
		D0BAC25928B3F38A001D6538 /* LaunchScreen.storyboard */ = {
			isa = PBXVariantGroup;
			children = (
				D0BAC25A28B3F38A001D6538 /* Base */,
			);
			name = LaunchScreen.storyboard;
			sourceTree = "<group>";
		};
/* End PBXVariantGroup section */

/* Begin XCBuildConfiguration section */
		D0BAC27328B3F38B001D6538 /* Debug */ = {
			isa = XCBuildConfiguration;
			buildSettings = {
				ALWAYS_SEARCH_USER_PATHS = NO;
				CLANG_ANALYZER_NONNULL = YES;
				CLANG_ANALYZER_NUMBER_OBJECT_CONVERSION = YES_AGGRESSIVE;
				CLANG_CXX_LANGUAGE_STANDARD = "gnu++17";
				CLANG_ENABLE_MODULES = YES;
				CLANG_ENABLE_OBJC_ARC = YES;
				CLANG_ENABLE_OBJC_WEAK = YES;
				CLANG_WARN_BLOCK_CAPTURE_AUTORELEASING = YES;
				CLANG_WARN_BOOL_CONVERSION = YES;
				CLANG_WARN_COMMA = YES;
				CLANG_WARN_CONSTANT_CONVERSION = YES;
				CLANG_WARN_DEPRECATED_OBJC_IMPLEMENTATIONS = YES;
				CLANG_WARN_DIRECT_OBJC_ISA_USAGE = YES_ERROR;
				CLANG_WARN_DOCUMENTATION_COMMENTS = YES;
				CLANG_WARN_EMPTY_BODY = YES;
				CLANG_WARN_ENUM_CONVERSION = YES;
				CLANG_WARN_INFINITE_RECURSION = YES;
				CLANG_WARN_INT_CONVERSION = YES;
				CLANG_WARN_NON_LITERAL_NULL_CONVERSION = YES;
				CLANG_WARN_OBJC_IMPLICIT_RETAIN_SELF = YES;
				CLANG_WARN_OBJC_LITERAL_CONVERSION = YES;
				CLANG_WARN_OBJC_ROOT_CLASS = YES_ERROR;
				CLANG_WARN_QUOTED_INCLUDE_IN_FRAMEWORK_HEADER = YES;
				CLANG_WARN_RANGE_LOOP_ANALYSIS = YES;
				CLANG_WARN_STRICT_PROTOTYPES = YES;
				CLANG_WARN_SUSPICIOUS_MOVE = YES;
				CLANG_WARN_UNGUARDED_AVAILABILITY = YES_AGGRESSIVE;
				CLANG_WARN_UNREACHABLE_CODE = YES;
				CLANG_WARN__DUPLICATE_METHOD_MATCH = YES;
				COPY_PHASE_STRIP = NO;
				DEBUG_INFORMATION_FORMAT = dwarf;
				ENABLE_STRICT_OBJC_MSGSEND = YES;
				ENABLE_TESTABILITY = YES;
				GCC_C_LANGUAGE_STANDARD = gnu11;
				GCC_DYNAMIC_NO_PIC = NO;
				GCC_NO_COMMON_BLOCKS = YES;
				GCC_OPTIMIZATION_LEVEL = 0;
				GCC_PREPROCESSOR_DEFINITIONS = (
					"DEBUG=1",
					"$(inherited)",
				);
				GCC_WARN_64_TO_32_BIT_CONVERSION = YES;
				GCC_WARN_ABOUT_RETURN_TYPE = YES_ERROR;
				GCC_WARN_UNDECLARED_SELECTOR = YES;
				GCC_WARN_UNINITIALIZED_AUTOS = YES_AGGRESSIVE;
				GCC_WARN_UNUSED_FUNCTION = YES;
				GCC_WARN_UNUSED_VARIABLE = YES;
				IPHONEOS_DEPLOYMENT_TARGET = 15.5;
				MTL_ENABLE_DEBUG_INFO = INCLUDE_SOURCE;
				MTL_FAST_MATH = YES;
				ONLY_ACTIVE_ARCH = YES;
				SDKROOT = iphoneos;
				SWIFT_ACTIVE_COMPILATION_CONDITIONS = DEBUG;
				SWIFT_OPTIMIZATION_LEVEL = "-Onone";
			};
			name = Debug;
		};
		D0BAC27428B3F38B001D6538 /* Release */ = {
			isa = XCBuildConfiguration;
			buildSettings = {
				ALWAYS_SEARCH_USER_PATHS = NO;
				CLANG_ANALYZER_NONNULL = YES;
				CLANG_ANALYZER_NUMBER_OBJECT_CONVERSION = YES_AGGRESSIVE;
				CLANG_CXX_LANGUAGE_STANDARD = "gnu++17";
				CLANG_ENABLE_MODULES = YES;
				CLANG_ENABLE_OBJC_ARC = YES;
				CLANG_ENABLE_OBJC_WEAK = YES;
				CLANG_WARN_BLOCK_CAPTURE_AUTORELEASING = YES;
				CLANG_WARN_BOOL_CONVERSION = YES;
				CLANG_WARN_COMMA = YES;
				CLANG_WARN_CONSTANT_CONVERSION = YES;
				CLANG_WARN_DEPRECATED_OBJC_IMPLEMENTATIONS = YES;
				CLANG_WARN_DIRECT_OBJC_ISA_USAGE = YES_ERROR;
				CLANG_WARN_DOCUMENTATION_COMMENTS = YES;
				CLANG_WARN_EMPTY_BODY = YES;
				CLANG_WARN_ENUM_CONVERSION = YES;
				CLANG_WARN_INFINITE_RECURSION = YES;
				CLANG_WARN_INT_CONVERSION = YES;
				CLANG_WARN_NON_LITERAL_NULL_CONVERSION = YES;
				CLANG_WARN_OBJC_IMPLICIT_RETAIN_SELF = YES;
				CLANG_WARN_OBJC_LITERAL_CONVERSION = YES;
				CLANG_WARN_OBJC_ROOT_CLASS = YES_ERROR;
				CLANG_WARN_QUOTED_INCLUDE_IN_FRAMEWORK_HEADER = YES;
				CLANG_WARN_RANGE_LOOP_ANALYSIS = YES;
				CLANG_WARN_STRICT_PROTOTYPES = YES;
				CLANG_WARN_SUSPICIOUS_MOVE = YES;
				CLANG_WARN_UNGUARDED_AVAILABILITY = YES_AGGRESSIVE;
				CLANG_WARN_UNREACHABLE_CODE = YES;
				CLANG_WARN__DUPLICATE_METHOD_MATCH = YES;
				COPY_PHASE_STRIP = NO;
				DEBUG_INFORMATION_FORMAT = "dwarf-with-dsym";
				ENABLE_NS_ASSERTIONS = NO;
				ENABLE_STRICT_OBJC_MSGSEND = YES;
				GCC_C_LANGUAGE_STANDARD = gnu11;
				GCC_NO_COMMON_BLOCKS = YES;
				GCC_WARN_64_TO_32_BIT_CONVERSION = YES;
				GCC_WARN_ABOUT_RETURN_TYPE = YES_ERROR;
				GCC_WARN_UNDECLARED_SELECTOR = YES;
				GCC_WARN_UNINITIALIZED_AUTOS = YES_AGGRESSIVE;
				GCC_WARN_UNUSED_FUNCTION = YES;
				GCC_WARN_UNUSED_VARIABLE = YES;
				IPHONEOS_DEPLOYMENT_TARGET = 15.5;
				MTL_ENABLE_DEBUG_INFO = NO;
				MTL_FAST_MATH = YES;
				SDKROOT = iphoneos;
				SWIFT_COMPILATION_MODE = wholemodule;
				SWIFT_OPTIMIZATION_LEVEL = "-O";
				VALIDATE_PRODUCT = YES;
			};
			name = Release;
		};
		D0BAC27628B3F38B001D6538 /* Debug */ = {
			isa = XCBuildConfiguration;
			buildSettings = {
				ASSETCATALOG_COMPILER_APPICON_NAME = AppIcon;
				ASSETCATALOG_COMPILER_GLOBAL_ACCENT_COLOR_NAME = AccentColor;
				CODE_SIGN_STYLE = Automatic;
				CURRENT_PROJECT_VERSION = 1;
				DEVELOPMENT_TEAM = D83H87UGV3;
				GENERATE_INFOPLIST_FILE = YES;
				INFOPLIST_FILE = Issues/Info.plist;
				INFOPLIST_KEY_UIApplicationSupportsIndirectInputEvents = YES;
				INFOPLIST_KEY_UILaunchStoryboardName = LaunchScreen;
				INFOPLIST_KEY_UISupportedInterfaceOrientations_iPad = "UIInterfaceOrientationPortrait UIInterfaceOrientationPortraitUpsideDown UIInterfaceOrientationLandscapeLeft UIInterfaceOrientationLandscapeRight";
				INFOPLIST_KEY_UISupportedInterfaceOrientations_iPhone = "UIInterfaceOrientationPortrait UIInterfaceOrientationLandscapeLeft UIInterfaceOrientationLandscapeRight";
				LD_RUNPATH_SEARCH_PATHS = (
					"$(inherited)",
					"@executable_path/Frameworks",
				);
				MARKETING_VERSION = 1.0;
				PRODUCT_BUNDLE_IDENTIFIER = Combee.Issues;
				PRODUCT_NAME = "$(TARGET_NAME)";
				SWIFT_EMIT_LOC_STRINGS = YES;
				SWIFT_VERSION = 5.0;
				TARGETED_DEVICE_FAMILY = "1,2";
			};
			name = Debug;
		};
		D0BAC27728B3F38B001D6538 /* Release */ = {
			isa = XCBuildConfiguration;
			buildSettings = {
				ASSETCATALOG_COMPILER_APPICON_NAME = AppIcon;
				ASSETCATALOG_COMPILER_GLOBAL_ACCENT_COLOR_NAME = AccentColor;
				CODE_SIGN_STYLE = Automatic;
				CURRENT_PROJECT_VERSION = 1;
				DEVELOPMENT_TEAM = D83H87UGV3;
				GENERATE_INFOPLIST_FILE = YES;
				INFOPLIST_FILE = Issues/Info.plist;
				INFOPLIST_KEY_UIApplicationSupportsIndirectInputEvents = YES;
				INFOPLIST_KEY_UILaunchStoryboardName = LaunchScreen;
				INFOPLIST_KEY_UISupportedInterfaceOrientations_iPad = "UIInterfaceOrientationPortrait UIInterfaceOrientationPortraitUpsideDown UIInterfaceOrientationLandscapeLeft UIInterfaceOrientationLandscapeRight";
				INFOPLIST_KEY_UISupportedInterfaceOrientations_iPhone = "UIInterfaceOrientationPortrait UIInterfaceOrientationLandscapeLeft UIInterfaceOrientationLandscapeRight";
				LD_RUNPATH_SEARCH_PATHS = (
					"$(inherited)",
					"@executable_path/Frameworks",
				);
				MARKETING_VERSION = 1.0;
				PRODUCT_BUNDLE_IDENTIFIER = Combee.Issues;
				PRODUCT_NAME = "$(TARGET_NAME)";
				SWIFT_EMIT_LOC_STRINGS = YES;
				SWIFT_VERSION = 5.0;
				TARGETED_DEVICE_FAMILY = "1,2";
			};
			name = Release;
		};
		D0BAC27928B3F38B001D6538 /* Debug */ = {
			isa = XCBuildConfiguration;
			buildSettings = {
				ALWAYS_EMBED_SWIFT_STANDARD_LIBRARIES = YES;
				BUNDLE_LOADER = "$(TEST_HOST)";
				CODE_SIGN_STYLE = Automatic;
				CURRENT_PROJECT_VERSION = 1;
				DEVELOPMENT_TEAM = D83H87UGV3;
				GENERATE_INFOPLIST_FILE = YES;
				IPHONEOS_DEPLOYMENT_TARGET = 15.5;
				MARKETING_VERSION = 1.0;
				PRODUCT_BUNDLE_IDENTIFIER = Combee.IssuesTests;
				PRODUCT_NAME = "$(TARGET_NAME)";
				SWIFT_EMIT_LOC_STRINGS = NO;
				SWIFT_VERSION = 5.0;
				TARGETED_DEVICE_FAMILY = "1,2";
				TEST_HOST = "$(BUILT_PRODUCTS_DIR)/Issues.app/Issues";
			};
			name = Debug;
		};
		D0BAC27A28B3F38B001D6538 /* Release */ = {
			isa = XCBuildConfiguration;
			buildSettings = {
				ALWAYS_EMBED_SWIFT_STANDARD_LIBRARIES = YES;
				BUNDLE_LOADER = "$(TEST_HOST)";
				CODE_SIGN_STYLE = Automatic;
				CURRENT_PROJECT_VERSION = 1;
				DEVELOPMENT_TEAM = D83H87UGV3;
				GENERATE_INFOPLIST_FILE = YES;
				IPHONEOS_DEPLOYMENT_TARGET = 15.5;
				MARKETING_VERSION = 1.0;
				PRODUCT_BUNDLE_IDENTIFIER = Combee.IssuesTests;
				PRODUCT_NAME = "$(TARGET_NAME)";
				SWIFT_EMIT_LOC_STRINGS = NO;
				SWIFT_VERSION = 5.0;
				TARGETED_DEVICE_FAMILY = "1,2";
				TEST_HOST = "$(BUILT_PRODUCTS_DIR)/Issues.app/Issues";
			};
			name = Release;
		};
		D0C068522A0BC88F00E21535 /* Debug */ = {
			isa = XCBuildConfiguration;
			buildSettings = {
				CLANG_CXX_LANGUAGE_STANDARD = "gnu++20";
				CODE_SIGN_STYLE = Automatic;
				CURRENT_PROJECT_VERSION = 1;
				DEVELOPMENT_TEAM = D83H87UGV3;
				GENERATE_INFOPLIST_FILE = YES;
				IPHONEOS_DEPLOYMENT_TARGET = 16.2;
				MARKETING_VERSION = 1.0;
				PRODUCT_BUNDLE_IDENTIFIER = Combidi.IssuesAcceptanceTests;
				PRODUCT_NAME = "$(TARGET_NAME)";
				SWIFT_EMIT_LOC_STRINGS = NO;
				SWIFT_VERSION = 5.0;
				TARGETED_DEVICE_FAMILY = "1,2";
				TEST_TARGET_NAME = Issues;
			};
			name = Debug;
		};
		D0C068532A0BC88F00E21535 /* Release */ = {
			isa = XCBuildConfiguration;
			buildSettings = {
				CLANG_CXX_LANGUAGE_STANDARD = "gnu++20";
				CODE_SIGN_STYLE = Automatic;
				CURRENT_PROJECT_VERSION = 1;
				DEVELOPMENT_TEAM = D83H87UGV3;
				GENERATE_INFOPLIST_FILE = YES;
				IPHONEOS_DEPLOYMENT_TARGET = 16.2;
				MARKETING_VERSION = 1.0;
				PRODUCT_BUNDLE_IDENTIFIER = Combidi.IssuesAcceptanceTests;
				PRODUCT_NAME = "$(TARGET_NAME)";
				SWIFT_EMIT_LOC_STRINGS = NO;
				SWIFT_VERSION = 5.0;
				TARGETED_DEVICE_FAMILY = "1,2";
				TEST_TARGET_NAME = Issues;
			};
			name = Release;
		};
/* End XCBuildConfiguration section */

/* Begin XCConfigurationList section */
		D0BAC24628B3F388001D6538 /* Build configuration list for PBXProject "Issues" */ = {
			isa = XCConfigurationList;
			buildConfigurations = (
				D0BAC27328B3F38B001D6538 /* Debug */,
				D0BAC27428B3F38B001D6538 /* Release */,
			);
			defaultConfigurationIsVisible = 0;
			defaultConfigurationName = Release;
		};
		D0BAC27528B3F38B001D6538 /* Build configuration list for PBXNativeTarget "Issues" */ = {
			isa = XCConfigurationList;
			buildConfigurations = (
				D0BAC27628B3F38B001D6538 /* Debug */,
				D0BAC27728B3F38B001D6538 /* Release */,
			);
			defaultConfigurationIsVisible = 0;
			defaultConfigurationName = Release;
		};
		D0BAC27828B3F38B001D6538 /* Build configuration list for PBXNativeTarget "IssuesTests" */ = {
			isa = XCConfigurationList;
			buildConfigurations = (
				D0BAC27928B3F38B001D6538 /* Debug */,
				D0BAC27A28B3F38B001D6538 /* Release */,
			);
			defaultConfigurationIsVisible = 0;
			defaultConfigurationName = Release;
		};
		D0C068542A0BC88F00E21535 /* Build configuration list for PBXNativeTarget "IssuesUIAcceptanceTests" */ = {
			isa = XCConfigurationList;
			buildConfigurations = (
				D0C068522A0BC88F00E21535 /* Debug */,
				D0C068532A0BC88F00E21535 /* Release */,
			);
			defaultConfigurationIsVisible = 0;
			defaultConfigurationName = Release;
		};
/* End XCConfigurationList section */
	};
	rootObject = D0BAC24328B3F388001D6538 /* Project object */;
}
